{
  "name": "dsh-plugin-git-commit-push",
  "version": "1.0.2",
  "lockfileVersion": 3,
  "requires": true,
  "packages": {
    "": {
      "name": "dsh-plugin-git-commit-push",
      "version": "1.0.2",
      "license": "MIT",
      "engines": {
        "dsh": ">=0.2.0-rc.1 <0.3.0",
        "node": ">=24"
      },
      "peerDependencies": {
        "@deepseek-ai/dsh-tools": "^0.2.0-rc.1"
      },
      "peerDependenciesMeta": {
        "@deepseek-ai/dsh-tools": {
          "optional": true
        }
      }
    }
  }
}
